
Microsoft Visual Studio Solution File, Format Version 12.00
# Visual Studio Version 17
VisualStudioVersion = 17.9.34728.123
MinimumVisualStudioVersion = 10.0.40219.1
Project("{2150E333-8FDC-42A3-9474-1A3956D46DE8}") = "RepositoryDesignPattern", "RepositoryDesignPattern", "{BA0874C0-6453-4F83-AAB2-60355B5E4D1D}"
EndProject
Project("{2150E333-8FDC-42A3-9474-1A3956D46DE8}") = "CompositeDesignPattern", "CompositeDesignPattern", "{2E242A79-29F0-4A88-8D95-FCE06A9DEB16}"
EndProject
Project("{2150E333-8FDC-42A3-9474-1A3956D46DE8}") = "MediatorDesignPattern", "MediatorDesignPattern", "{D5FCE559-D6BB-49B5-A000-C76660449B2F}"
EndProject
Project("{FAE04EC0-301F-11D3-BF4B-00C04F79EFBC}") = "DesignPattern.Mediator", "MediatorDesignPattern\DesignPattern.Mediator\DesignPattern.Mediator.csproj", "{FC7901F8-EA7F-4CA0-9F1F-7CC9316FDF2E}"
EndProject
Project("{FAE04EC0-301F-11D3-BF4B-00C04F79EFBC}") = "DesingPattern.Composite", "DesignPattern.Composite\DesingPattern.Composite.csproj", "{D19904D5-AC6E-4FFE-83FC-B8BAE7E870F4}"
EndProject
Project("{2150E333-8FDC-42A3-9474-1A3956D46DE8}") = "RepositoryDesignPattern.Businesslayer", "RepositoryDesignPattern.Businesslayer", "{596E7DEA-C03E-4A8B-911B-6DAAD5C63FDB}"
EndProject
Project("{FAE04EC0-301F-11D3-BF4B-00C04F79EFBC}") = "RepositoryDesingPattern.BusinessLayer", "RepositoryDesignPattern\RepositoryDesignPattern.Businesslayer\RepositoryDesingPattern.BusinessLayer.csproj", "{395F69AF-850C-4501-B366-BD3589919CC2}"
EndProject
Project("{2150E333-8FDC-42A3-9474-1A3956D46DE8}") = "RepositoryDesignPattern.DataAccessLayer", "RepositoryDesignPattern.DataAccessLayer", "{26360C81-B9A7-4AAF-8311-A0EB97AF39F3}"
EndProject
Project("{FAE04EC0-301F-11D3-BF4B-00C04F79EFBC}") = "RepositoryDesingPattern.DataAccessLayer", "RepositoryDesignPattern\RepositoryDesignPattern.DataAccessLayer\RepositoryDesingPattern.DataAccessLayer.csproj", "{B99D8CB1-B34D-443D-9A9D-C5ADE680DFFF}"
EndProject
Project("{2150E333-8FDC-42A3-9474-1A3956D46DE8}") = "RepositoryDesignPattern.EntityLayer", "RepositoryDesignPattern.EntityLayer", "{748E6B55-8A25-4D68-88F4-FB0BB63672F5}"
EndProject
Project("{FAE04EC0-301F-11D3-BF4B-00C04F79EFBC}") = "RepositoryDesingPattern.EntityLayer", "RepositoryDesignPattern\RepositoryDesignPattern.EntityLayer\RepositoryDesingPattern.EntityLayer.csproj", "{3386E841-5228-472C-8DC3-24D19AA53014}"
EndProject
Project("{2150E333-8FDC-42A3-9474-1A3956D46DE8}") = "RepositoryDesignPattern.PresentationLayer", "RepositoryDesignPattern.PresentationLayer", "{8579E89B-5D8F-49DC-BBAD-732BBB1DFF67}"
EndProject
Project("{FAE04EC0-301F-11D3-BF4B-00C04F79EFBC}") = "RepositoryDesingPattern.PresentationLayer", "RepositoryDesignPattern\RepositoryDesignPattern.PresentationLayer\RepositoryDesingPattern.PresentationLayer.csproj", "{5D90BFC0-14C1-497B-9067-31AF62C29D70}"
EndProject
Project("{2150E333-8FDC-42A3-9474-1A3956D46DE8}") = "IteratorDesignPattern", "IteratorDesignPattern", "{F6BB2A03-9B73-468E-B536-04068AB78A02}"
EndProject
Project("{FAE04EC0-301F-11D3-BF4B-00C04F79EFBC}") = "DesignPattern.Iterator", "IteratorDesignPattern\DesignPattern.Itarator\DesignPattern.Iterator.csproj", "{61BBB901-BC54-4C61-A7E9-5515E028D86D}"
EndProject
Global
	GlobalSection(SolutionConfigurationPlatforms) = preSolution
		Debug|Any CPU = Debug|Any CPU
		Release|Any CPU = Release|Any CPU
	EndGlobalSection
	GlobalSection(ProjectConfigurationPlatforms) = postSolution
		{FC7901F8-EA7F-4CA0-9F1F-7CC9316FDF2E}.Debug|Any CPU.ActiveCfg = Debug|Any CPU
		{FC7901F8-EA7F-4CA0-9F1F-7CC9316FDF2E}.Debug|Any CPU.Build.0 = Debug|Any CPU
		{FC7901F8-EA7F-4CA0-9F1F-7CC9316FDF2E}.Release|Any CPU.ActiveCfg = Release|Any CPU
		{FC7901F8-EA7F-4CA0-9F1F-7CC9316FDF2E}.Release|Any CPU.Build.0 = Release|Any CPU
		{D19904D5-AC6E-4FFE-83FC-B8BAE7E870F4}.Debug|Any CPU.ActiveCfg = Debug|Any CPU
		{D19904D5-AC6E-4FFE-83FC-B8BAE7E870F4}.Debug|Any CPU.Build.0 = Debug|Any CPU
		{D19904D5-AC6E-4FFE-83FC-B8BAE7E870F4}.Release|Any CPU.ActiveCfg = Release|Any CPU
		{D19904D5-AC6E-4FFE-83FC-B8BAE7E870F4}.Release|Any CPU.Build.0 = Release|Any CPU
		{395F69AF-850C-4501-B366-BD3589919CC2}.Debug|Any CPU.ActiveCfg = Debug|Any CPU
		{395F69AF-850C-4501-B366-BD3589919CC2}.Debug|Any CPU.Build.0 = Debug|Any CPU
		{395F69AF-850C-4501-B366-BD3589919CC2}.Release|Any CPU.ActiveCfg = Release|Any CPU
		{395F69AF-850C-4501-B366-BD3589919CC2}.Release|Any CPU.Build.0 = Release|Any CPU
		{B99D8CB1-B34D-443D-9A9D-C5ADE680DFFF}.Debug|Any CPU.ActiveCfg = Debug|Any CPU
		{B99D8CB1-B34D-443D-9A9D-C5ADE680DFFF}.Debug|Any CPU.Build.0 = Debug|Any CPU
		{B99D8CB1-B34D-443D-9A9D-C5ADE680DFFF}.Release|Any CPU.ActiveCfg = Release|Any CPU
		{B99D8CB1-B34D-443D-9A9D-C5ADE680DFFF}.Release|Any CPU.Build.0 = Release|Any CPU
		{3386E841-5228-472C-8DC3-24D19AA53014}.Debug|Any CPU.ActiveCfg = Debug|Any CPU
		{3386E841-5228-472C-8DC3-24D19AA53014}.Debug|Any CPU.Build.0 = Debug|Any CPU
		{3386E841-5228-472C-8DC3-24D19AA53014}.Release|Any CPU.ActiveCfg = Release|Any CPU
		{3386E841-5228-472C-8DC3-24D19AA53014}.Release|Any CPU.Build.0 = Release|Any CPU
		{5D90BFC0-14C1-497B-9067-31AF62C29D70}.Debug|Any CPU.ActiveCfg = Debug|Any CPU
		{5D90BFC0-14C1-497B-9067-31AF62C29D70}.Debug|Any CPU.Build.0 = Debug|Any CPU
		{5D90BFC0-14C1-497B-9067-31AF62C29D70}.Release|Any CPU.ActiveCfg = Release|Any CPU
		{5D90BFC0-14C1-497B-9067-31AF62C29D70}.Release|Any CPU.Build.0 = Release|Any CPU
		{61BBB901-BC54-4C61-A7E9-5515E028D86D}.Debug|Any CPU.ActiveCfg = Debug|Any CPU
		{61BBB901-BC54-4C61-A7E9-5515E028D86D}.Debug|Any CPU.Build.0 = Debug|Any CPU
		{61BBB901-BC54-4C61-A7E9-5515E028D86D}.Release|Any CPU.ActiveCfg = Release|Any CPU
		{61BBB901-BC54-4C61-A7E9-5515E028D86D}.Release|Any CPU.Build.0 = Release|Any CPU
	EndGlobalSection
	GlobalSection(SolutionProperties) = preSolution
		HideSolutionNode = FALSE
	EndGlobalSection
	GlobalSection(NestedProjects) = preSolution
		{FC7901F8-EA7F-4CA0-9F1F-7CC9316FDF2E} = {D5FCE559-D6BB-49B5-A000-C76660449B2F}
		{D19904D5-AC6E-4FFE-83FC-B8BAE7E870F4} = {2E242A79-29F0-4A88-8D95-FCE06A9DEB16}
		{596E7DEA-C03E-4A8B-911B-6DAAD5C63FDB} = {BA0874C0-6453-4F83-AAB2-60355B5E4D1D}
		{395F69AF-850C-4501-B366-BD3589919CC2} = {596E7DEA-C03E-4A8B-911B-6DAAD5C63FDB}
		{26360C81-B9A7-4AAF-8311-A0EB97AF39F3} = {BA0874C0-6453-4F83-AAB2-60355B5E4D1D}
		{B99D8CB1-B34D-443D-9A9D-C5ADE680DFFF} = {26360C81-B9A7-4AAF-8311-A0EB97AF39F3}
		{748E6B55-8A25-4D68-88F4-FB0BB63672F5} = {BA0874C0-6453-4F83-AAB2-60355B5E4D1D}
		{3386E841-5228-472C-8DC3-24D19AA53014} = {748E6B55-8A25-4D68-88F4-FB0BB63672F5}
		{8579E89B-5D8F-49DC-BBAD-732BBB1DFF67} = {BA0874C0-6453-4F83-AAB2-60355B5E4D1D}
		{5D90BFC0-14C1-497B-9067-31AF62C29D70} = {8579E89B-5D8F-49DC-BBAD-732BBB1DFF67}
		{61BBB901-BC54-4C61-A7E9-5515E028D86D} = {F6BB2A03-9B73-468E-B536-04068AB78A02}
	EndGlobalSection
	GlobalSection(ExtensibilityGlobals) = postSolution
		SolutionGuid = {E0DA66FE-7A5F-42F0-9114-FBB031A17C9B}
	EndGlobalSection
EndGlobal
