
Microsoft Visual Studio Solution File, Format Version 12.00
# Visual Studio Version 17
VisualStudioVersion = 17.9.34728.123
MinimumVisualStudioVersion = 10.0.40219.1
Project("{2150E333-8FDC-42A3-9474-1A3956D46DE8}") = "RepositoryDesingPattern", "RepositoryDesingPattern", "{BA0874C0-6453-4F83-AAB2-60355B5E4D1D}"
EndProject
Project("{FAE04EC0-301F-11D3-BF4B-00C04F79EFBC}") = "RepositoryDesingPattern.Businesslayer", "RepositoryDesingPattern\RepositoryDesingPattern.Businesslayer\RepositoryDesingPattern.Businesslayer.csproj", "{A0F29E16-2999-4124-8EFF-B220E6065581}"
EndProject
Project("{FAE04EC0-301F-11D3-BF4B-00C04F79EFBC}") = "RepositoryDesingPattern.DataAccessLayer", "RepositoryDesingPattern\RepositoryDesingPattern.DataAccessLayer\RepositoryDesingPattern.DataAccessLayer.csproj", "{79C1A401-7A5C-4639-9D2E-8574F971CE72}"
EndProject
Project("{FAE04EC0-301F-11D3-BF4B-00C04F79EFBC}") = "RepositoryDesingPattern.EntityLayer", "RepositoryDesingPattern\RepositoryDesingPattern.EntityLayer\RepositoryDesingPattern.EntityLayer.csproj", "{2910DB46-28FA-475F-B375-8DE13098E2B4}"
EndProject
Project("{FAE04EC0-301F-11D3-BF4B-00C04F79EFBC}") = "RepositoryDesingPattern.PresentationLayer", "RepositoryDesingPattern\RepositoryDesingPattern.PresentationLayer\RepositoryDesingPattern.PresentationLayer.csproj", "{17CFCC93-9E80-4EDC-BD65-B511135AB1DD}"
EndProject
Global
	GlobalSection(SolutionConfigurationPlatforms) = preSolution
		Debug|Any CPU = Debug|Any CPU
		Release|Any CPU = Release|Any CPU
	EndGlobalSection
	GlobalSection(ProjectConfigurationPlatforms) = postSolution
		{A0F29E16-2999-4124-8EFF-B220E6065581}.Debug|Any CPU.ActiveCfg = Debug|Any CPU
		{A0F29E16-2999-4124-8EFF-B220E6065581}.Debug|Any CPU.Build.0 = Debug|Any CPU
		{A0F29E16-2999-4124-8EFF-B220E6065581}.Release|Any CPU.ActiveCfg = Release|Any CPU
		{A0F29E16-2999-4124-8EFF-B220E6065581}.Release|Any CPU.Build.0 = Release|Any CPU
		{79C1A401-7A5C-4639-9D2E-8574F971CE72}.Debug|Any CPU.ActiveCfg = Debug|Any CPU
		{79C1A401-7A5C-4639-9D2E-8574F971CE72}.Debug|Any CPU.Build.0 = Debug|Any CPU
		{79C1A401-7A5C-4639-9D2E-8574F971CE72}.Release|Any CPU.ActiveCfg = Release|Any CPU
		{79C1A401-7A5C-4639-9D2E-8574F971CE72}.Release|Any CPU.Build.0 = Release|Any CPU
		{2910DB46-28FA-475F-B375-8DE13098E2B4}.Debug|Any CPU.ActiveCfg = Debug|Any CPU
		{2910DB46-28FA-475F-B375-8DE13098E2B4}.Debug|Any CPU.Build.0 = Debug|Any CPU
		{2910DB46-28FA-475F-B375-8DE13098E2B4}.Release|Any CPU.ActiveCfg = Release|Any CPU
		{2910DB46-28FA-475F-B375-8DE13098E2B4}.Release|Any CPU.Build.0 = Release|Any CPU
		{17CFCC93-9E80-4EDC-BD65-B511135AB1DD}.Debug|Any CPU.ActiveCfg = Debug|Any CPU
		{17CFCC93-9E80-4EDC-BD65-B511135AB1DD}.Debug|Any CPU.Build.0 = Debug|Any CPU
		{17CFCC93-9E80-4EDC-BD65-B511135AB1DD}.Release|Any CPU.ActiveCfg = Release|Any CPU
		{17CFCC93-9E80-4EDC-BD65-B511135AB1DD}.Release|Any CPU.Build.0 = Release|Any CPU
	EndGlobalSection
	GlobalSection(SolutionProperties) = preSolution
		HideSolutionNode = FALSE
	EndGlobalSection
	GlobalSection(NestedProjects) = preSolution
		{A0F29E16-2999-4124-8EFF-B220E6065581} = {BA0874C0-6453-4F83-AAB2-60355B5E4D1D}
		{79C1A401-7A5C-4639-9D2E-8574F971CE72} = {BA0874C0-6453-4F83-AAB2-60355B5E4D1D}
		{2910DB46-28FA-475F-B375-8DE13098E2B4} = {BA0874C0-6453-4F83-AAB2-60355B5E4D1D}
		{17CFCC93-9E80-4EDC-BD65-B511135AB1DD} = {BA0874C0-6453-4F83-AAB2-60355B5E4D1D}
	EndGlobalSection
	GlobalSection(ExtensibilityGlobals) = postSolution
		SolutionGuid = {E0DA66FE-7A5F-42F0-9114-FBB031A17C9B}
	EndGlobalSection
EndGlobal
